// !$*UTF8*$!
{
	archiveVersion = 1;
	classes = {
	};
	objectVersion = 47;
	objects = {

/* Begin PBXBuildFile section */
		70FF5D99AD8EFB71FF0FC73D /* Pods.framework in Frameworks */ = {isa = PBXBuildFile; fileRef = 40D2F48610F672A29F4896DE /* Pods.framework */; settings = {ATTRIBUTES = (Weak, ); }; };
		D504A1DE1BCC2DA5000145AD /* UIImageView+DownloadImage.swift in Sources */ = {isa = PBXBuildFile; fileRef = D504A1DD1BCC2DA5000145AD /* UIImageView+DownloadImage.swift */; settings = {ASSET_TAGS = (); }; };
		D51C5C081BCC236B007156DB /* VideoDetailsViewController.swift in Sources */ = {isa = PBXBuildFile; fileRef = D51C5C071BCC236B007156DB /* VideoDetailsViewController.swift */; settings = {ASSET_TAGS = (); }; };
		D51F167E1BCCE6DC00038217 /* VideoCell.xib in Resources */ = {isa = PBXBuildFile; fileRef = D51F167D1BCCE6DC00038217 /* VideoCell.xib */; settings = {ASSET_TAGS = (); }; };
		D51F16801BCCEBC400038217 /* VideoCell.swift in Sources */ = {isa = PBXBuildFile; fileRef = D51F167F1BCCEBC400038217 /* VideoCell.swift */; settings = {ASSET_TAGS = (); }; };
		D51F16821BCCF15D00038217 /* PlaylistCell.xib in Resources */ = {isa = PBXBuildFile; fileRef = D51F16811BCCF15D00038217 /* PlaylistCell.xib */; settings = {ASSET_TAGS = (); }; };
		D51F16841BCCF4D900038217 /* Constants.swift in Sources */ = {isa = PBXBuildFile; fileRef = D51F16831BCCF4D900038217 /* Constants.swift */; settings = {ASSET_TAGS = (); }; };
		D51F16861BCCF50400038217 /* Staff.swift in Sources */ = {isa = PBXBuildFile; fileRef = D51F16851BCCF50400038217 /* Staff.swift */; settings = {ASSET_TAGS = (); }; };
		D51F16881BCCF65600038217 /* Entity.swift in Sources */ = {isa = PBXBuildFile; fileRef = D51F16871BCCF65600038217 /* Entity.swift */; settings = {ASSET_TAGS = (); }; };
		D529006B1BCABC79001426F6 /* CoreDataStack.swift in Sources */ = {isa = PBXBuildFile; fileRef = D529006A1BCABC79001426F6 /* CoreDataStack.swift */; settings = {ASSET_TAGS = (); }; };
		D534F23A1BCB91CD00AA8201 /* Seed.swift in Sources */ = {isa = PBXBuildFile; fileRef = D534F2391BCB91CD00AA8201 /* Seed.swift */; settings = {ASSET_TAGS = (); }; };
		D534F23C1BCB91E100AA8201 /* Content.swift in Sources */ = {isa = PBXBuildFile; fileRef = D534F23B1BCB91E100AA8201 /* Content.swift */; settings = {ASSET_TAGS = (); }; };
		D534F23E1BCB91EF00AA8201 /* Parser.swift in Sources */ = {isa = PBXBuildFile; fileRef = D534F23D1BCB91EF00AA8201 /* Parser.swift */; settings = {ASSET_TAGS = (); }; };
		D534F2411BCBBE8400AA8201 /* Log.swift in Sources */ = {isa = PBXBuildFile; fileRef = D534F2401BCBBE8400AA8201 /* Log.swift */; settings = {ASSET_TAGS = (); }; };
		D534F2471BCBE9D000AA8201 /* Video+CoreDataProperties 18-14-08-048.swift in Sources */ = {isa = PBXBuildFile; fileRef = D534F2461BCBE9D000AA8201 /* Video+CoreDataProperties 18-14-08-048.swift */; settings = {ASSET_TAGS = (); }; };
		D53C66D41BCAC40D0065C916 /* DenTV.xcdatamodeld in Sources */ = {isa = PBXBuildFile; fileRef = D53C66D21BCAC40D0065C916 /* DenTV.xcdatamodeld */; settings = {ASSET_TAGS = (); }; };
		D53C66DB1BCAC65F0065C916 /* Video.swift in Sources */ = {isa = PBXBuildFile; fileRef = D53C66D71BCAC65F0065C916 /* Video.swift */; settings = {ASSET_TAGS = (); }; };
		D53C66DC1BCAC65F0065C916 /* Playlist+CoreDataProperties.swift in Sources */ = {isa = PBXBuildFile; fileRef = D53C66D81BCAC65F0065C916 /* Playlist+CoreDataProperties.swift */; settings = {ASSET_TAGS = (); }; };
		D53C66DD1BCAC65F0065C916 /* Playlist.swift in Sources */ = {isa = PBXBuildFile; fileRef = D53C66D91BCAC65F0065C916 /* Playlist.swift */; settings = {ASSET_TAGS = (); }; };
		D5462A321BCA4887007673D5 /* AppDelegate.swift in Sources */ = {isa = PBXBuildFile; fileRef = D5462A311BCA4887007673D5 /* AppDelegate.swift */; };
		D5462A341BCA4887007673D5 /* HomeViewController.swift in Sources */ = {isa = PBXBuildFile; fileRef = D5462A331BCA4887007673D5 /* HomeViewController.swift */; };
		D5462A361BCA4887007673D5 /* PlaylistsViewController.swift in Sources */ = {isa = PBXBuildFile; fileRef = D5462A351BCA4887007673D5 /* PlaylistsViewController.swift */; };
		D5462A391BCA4887007673D5 /* Main.storyboard in Resources */ = {isa = PBXBuildFile; fileRef = D5462A371BCA4887007673D5 /* Main.storyboard */; };
		D5462A3B1BCA488A007673D5 /* Assets.xcassets in Resources */ = {isa = PBXBuildFile; fileRef = D5462A3A1BCA488A007673D5 /* Assets.xcassets */; };
		D5462A3E1BCA488B007673D5 /* LaunchScreen.storyboard in Resources */ = {isa = PBXBuildFile; fileRef = D5462A3C1BCA488B007673D5 /* LaunchScreen.storyboard */; };
		D5EFC6D41BCAA1D700423BF4 /* FavouriteVideoListViewController.swift in Sources */ = {isa = PBXBuildFile; fileRef = D5EFC6D31BCAA1D700423BF4 /* FavouriteVideoListViewController.swift */; settings = {ASSET_TAGS = (); }; };
/* End PBXBuildFile section */

/* Begin PBXFileReference section */
		09D9CE04C08DE573C40BAF16 /* Pods.release.xcconfig */ = {isa = PBXFileReference; includeInIndex = 1; lastKnownFileType = text.xcconfig; name = Pods.release.xcconfig; path = "Pods/Target Support Files/Pods/Pods.release.xcconfig"; sourceTree = "<group>"; };
		40D2F48610F672A29F4896DE /* Pods.framework */ = {isa = PBXFileReference; explicitFileType = wrapper.framework; includeInIndex = 0; path = Pods.framework; sourceTree = BUILT_PRODUCTS_DIR; };
		479803E71E2FE76BB6632109 /* Pods.debug.xcconfig */ = {isa = PBXFileReference; includeInIndex = 1; lastKnownFileType = text.xcconfig; name = Pods.debug.xcconfig; path = "Pods/Target Support Files/Pods/Pods.debug.xcconfig"; sourceTree = "<group>"; };
		D504A1DD1BCC2DA5000145AD /* UIImageView+DownloadImage.swift */ = {isa = PBXFileReference; fileEncoding = 4; lastKnownFileType = sourcecode.swift; path = "UIImageView+DownloadImage.swift"; sourceTree = "<group>"; };
		D51C5C071BCC236B007156DB /* VideoDetailsViewController.swift */ = {isa = PBXFileReference; fileEncoding = 4; lastKnownFileType = sourcecode.swift; path = VideoDetailsViewController.swift; sourceTree = "<group>"; };
		D51F167D1BCCE6DC00038217 /* VideoCell.xib */ = {isa = PBXFileReference; fileEncoding = 4; lastKnownFileType = file.xib; path = VideoCell.xib; sourceTree = "<group>"; };
		D51F167F1BCCEBC400038217 /* VideoCell.swift */ = {isa = PBXFileReference; fileEncoding = 4; lastKnownFileType = sourcecode.swift; path = VideoCell.swift; sourceTree = "<group>"; };
		D51F16811BCCF15D00038217 /* PlaylistCell.xib */ = {isa = PBXFileReference; fileEncoding = 4; lastKnownFileType = file.xib; path = PlaylistCell.xib; sourceTree = "<group>"; };
		D51F16831BCCF4D900038217 /* Constants.swift */ = {isa = PBXFileReference; fileEncoding = 4; lastKnownFileType = sourcecode.swift; path = Constants.swift; sourceTree = "<group>"; };
		D51F16851BCCF50400038217 /* Staff.swift */ = {isa = PBXFileReference; fileEncoding = 4; lastKnownFileType = sourcecode.swift; path = Staff.swift; sourceTree = "<group>"; };
		D51F16871BCCF65600038217 /* Entity.swift */ = {isa = PBXFileReference; fileEncoding = 4; lastKnownFileType = sourcecode.swift; path = Entity.swift; sourceTree = "<group>"; };
		D529006A1BCABC79001426F6 /* CoreDataStack.swift */ = {isa = PBXFileReference; fileEncoding = 4; lastKnownFileType = sourcecode.swift; path = CoreDataStack.swift; sourceTree = "<group>"; };
		D534F2391BCB91CD00AA8201 /* Seed.swift */ = {isa = PBXFileReference; fileEncoding = 4; lastKnownFileType = sourcecode.swift; path = Seed.swift; sourceTree = "<group>"; };
		D534F23B1BCB91E100AA8201 /* Content.swift */ = {isa = PBXFileReference; fileEncoding = 4; lastKnownFileType = sourcecode.swift; path = Content.swift; sourceTree = "<group>"; };
		D534F23D1BCB91EF00AA8201 /* Parser.swift */ = {isa = PBXFileReference; fileEncoding = 4; lastKnownFileType = sourcecode.swift; path = Parser.swift; sourceTree = "<group>"; };
		D534F2401BCBBE8400AA8201 /* Log.swift */ = {isa = PBXFileReference; fileEncoding = 4; lastKnownFileType = sourcecode.swift; path = Log.swift; sourceTree = "<group>"; };
		D534F2461BCBE9D000AA8201 /* Video+CoreDataProperties 18-14-08-048.swift */ = {isa = PBXFileReference; fileEncoding = 4; lastKnownFileType = sourcecode.swift; path = "Video+CoreDataProperties 18-14-08-048.swift"; sourceTree = "<group>"; };
		D53C66D31BCAC40D0065C916 /* DenTV.xcdatamodel */ = {isa = PBXFileReference; lastKnownFileType = wrapper.xcdatamodel; path = DenTV.xcdatamodel; sourceTree = "<group>"; };
		D53C66D71BCAC65F0065C916 /* Video.swift */ = {isa = PBXFileReference; fileEncoding = 4; lastKnownFileType = sourcecode.swift; path = Video.swift; sourceTree = "<group>"; };
		D53C66D81BCAC65F0065C916 /* Playlist+CoreDataProperties.swift */ = {isa = PBXFileReference; fileEncoding = 4; lastKnownFileType = sourcecode.swift; path = "Playlist+CoreDataProperties.swift"; sourceTree = "<group>"; };
		D53C66D91BCAC65F0065C916 /* Playlist.swift */ = {isa = PBXFileReference; fileEncoding = 4; lastKnownFileType = sourcecode.swift; path = Playlist.swift; sourceTree = "<group>"; };
		D5462A2E1BCA4886007673D5 /* DenTV.app */ = {isa = PBXFileReference; explicitFileType = wrapper.application; includeInIndex = 0; path = DenTV.app; sourceTree = BUILT_PRODUCTS_DIR; };
		D5462A311BCA4887007673D5 /* AppDelegate.swift */ = {isa = PBXFileReference; lastKnownFileType = sourcecode.swift; path = AppDelegate.swift; sourceTree = "<group>"; };
		D5462A331BCA4887007673D5 /* HomeViewController.swift */ = {isa = PBXFileReference; lastKnownFileType = sourcecode.swift; path = HomeViewController.swift; sourceTree = "<group>"; };
		D5462A351BCA4887007673D5 /* PlaylistsViewController.swift */ = {isa = PBXFileReference; lastKnownFileType = sourcecode.swift; path = PlaylistsViewController.swift; sourceTree = "<group>"; };
		D5462A381BCA4887007673D5 /* Base */ = {isa = PBXFileReference; lastKnownFileType = file.storyboard; name = Base; path = Base.lproj/Main.storyboard; sourceTree = "<group>"; };
		D5462A3A1BCA488A007673D5 /* Assets.xcassets */ = {isa = PBXFileReference; lastKnownFileType = folder.assetcatalog; path = Assets.xcassets; sourceTree = "<group>"; };
		D5462A3D1BCA488B007673D5 /* Base */ = {isa = PBXFileReference; lastKnownFileType = file.storyboard; name = Base; path = Base.lproj/LaunchScreen.storyboard; sourceTree = "<group>"; };
		D5462A3F1BCA488B007673D5 /* Info.plist */ = {isa = PBXFileReference; lastKnownFileType = text.plist.xml; path = Info.plist; sourceTree = "<group>"; };
		D5462A451BCA48E9007673D5 /* DenTV.entitlements */ = {isa = PBXFileReference; lastKnownFileType = text.xml; path = DenTV.entitlements; sourceTree = "<group>"; };
		D5EFC6D31BCAA1D700423BF4 /* FavouriteVideoListViewController.swift */ = {isa = PBXFileReference; fileEncoding = 4; lastKnownFileType = sourcecode.swift; path = FavouriteVideoListViewController.swift; sourceTree = "<group>"; };
/* End PBXFileReference section */

/* Begin PBXFrameworksBuildPhase section */
		D5462A2B1BCA4886007673D5 /* Frameworks */ = {
			isa = PBXFrameworksBuildPhase;
			buildActionMask = 2147483647;
			files = (
				70FF5D99AD8EFB71FF0FC73D /* Pods.framework in Frameworks */,
			);
			runOnlyForDeploymentPostprocessing = 0;
		};
/* End PBXFrameworksBuildPhase section */

/* Begin PBXGroup section */
		B6AA4FB1578B1ED8B89A85D7 /* Frameworks */ = {
			isa = PBXGroup;
			children = (
				40D2F48610F672A29F4896DE /* Pods.framework */,
			);
			name = Frameworks;
			sourceTree = "<group>";
		};
		D534F23F1BCB91F800AA8201 /* Helpers */ = {
			isa = PBXGroup;
			children = (
				D504A1DD1BCC2DA5000145AD /* UIImageView+DownloadImage.swift */,
				D534F2401BCBBE8400AA8201 /* Log.swift */,
				D51F16851BCCF50400038217 /* Staff.swift */,
				D534F2391BCB91CD00AA8201 /* Seed.swift */,
				D534F23B1BCB91E100AA8201 /* Content.swift */,
				D534F23D1BCB91EF00AA8201 /* Parser.swift */,
				D51F16871BCCF65600038217 /* Entity.swift */,
			);
			name = Helpers;
			sourceTree = "<group>";
		};
		D53C66D51BCAC6490065C916 /* Model */ = {
			isa = PBXGroup;
			children = (
				D534F2461BCBE9D000AA8201 /* Video+CoreDataProperties 18-14-08-048.swift */,
				D529006A1BCABC79001426F6 /* CoreDataStack.swift */,
				D53C66D71BCAC65F0065C916 /* Video.swift */,
				D53C66D81BCAC65F0065C916 /* Playlist+CoreDataProperties.swift */,
				D53C66D91BCAC65F0065C916 /* Playlist.swift */,
				D51F16831BCCF4D900038217 /* Constants.swift */,
			);
			name = Model;
			sourceTree = "<group>";
		};
		D5462A251BCA4886007673D5 = {
			isa = PBXGroup;
			children = (
				D5462A301BCA4887007673D5 /* DenTV */,
				D5462A2F1BCA4886007673D5 /* Products */,
				FDCA98E3D5122A02C6DC5443 /* Pods */,
				B6AA4FB1578B1ED8B89A85D7 /* Frameworks */,
			);
			sourceTree = "<group>";
		};
		D5462A2F1BCA4886007673D5 /* Products */ = {
			isa = PBXGroup;
			children = (
				D5462A2E1BCA4886007673D5 /* DenTV.app */,
			);
			name = Products;
			sourceTree = "<group>";
		};
		D5462A301BCA4887007673D5 /* DenTV */ = {
			isa = PBXGroup;
			children = (
				D5462A451BCA48E9007673D5 /* DenTV.entitlements */,
				D5462A311BCA4887007673D5 /* AppDelegate.swift */,
				D53C66D21BCAC40D0065C916 /* DenTV.xcdatamodeld */,
				D53C66D51BCAC6490065C916 /* Model */,
				D534F23F1BCB91F800AA8201 /* Helpers */,
				D5462A331BCA4887007673D5 /* HomeViewController.swift */,
				D5462A351BCA4887007673D5 /* PlaylistsViewController.swift */,
				D51C5C071BCC236B007156DB /* VideoDetailsViewController.swift */,
				D5EFC6D31BCAA1D700423BF4 /* FavouriteVideoListViewController.swift */,
				D5462A371BCA4887007673D5 /* Main.storyboard */,
				D5462A3A1BCA488A007673D5 /* Assets.xcassets */,
				D5462A3C1BCA488B007673D5 /* LaunchScreen.storyboard */,
				D51F167D1BCCE6DC00038217 /* VideoCell.xib */,
				D51F16811BCCF15D00038217 /* PlaylistCell.xib */,
				D51F167F1BCCEBC400038217 /* VideoCell.swift */,
				D5462A3F1BCA488B007673D5 /* Info.plist */,
			);
			path = DenTV;
			sourceTree = "<group>";
		};
		FDCA98E3D5122A02C6DC5443 /* Pods */ = {
			isa = PBXGroup;
			children = (
				479803E71E2FE76BB6632109 /* Pods.debug.xcconfig */,
				09D9CE04C08DE573C40BAF16 /* Pods.release.xcconfig */,
			);
			name = Pods;
			sourceTree = "<group>";
		};
/* End PBXGroup section */

/* Begin PBXNativeTarget section */
		D5462A2D1BCA4886007673D5 /* DenTV */ = {
			isa = PBXNativeTarget;
			buildConfigurationList = D5462A421BCA488B007673D5 /* Build configuration list for PBXNativeTarget "DenTV" */;
			buildPhases = (
				AC464204A4FFBCF9DB32925A /* Check Pods Manifest.lock */,
				D5462A2A1BCA4886007673D5 /* Sources */,
				D5462A2B1BCA4886007673D5 /* Frameworks */,
				D5462A2C1BCA4886007673D5 /* Resources */,
				B0E4BF959C683B1CF6A56BAE /* Embed Pods Frameworks */,
				170FF10BD3917E4811A13C09 /* Copy Pods Resources */,
			);
			buildRules = (
			);
			dependencies = (
			);
			name = DenTV;
			productName = DenTV;
			productReference = D5462A2E1BCA4886007673D5 /* DenTV.app */;
			productType = "com.apple.product-type.application";
		};
/* End PBXNativeTarget section */

/* Begin PBXProject section */
		D5462A261BCA4886007673D5 /* Project object */ = {
			isa = PBXProject;
			attributes = {
				LastUpgradeCheck = 0700;
				ORGANIZATIONNAME = "Dmitriy Roytman";
				TargetAttributes = {
					D5462A2D1BCA4886007673D5 = {
						CreatedOnToolsVersion = 7.0.1;
						DevelopmentTeam = 3XN2L2WJ4Q;
						SystemCapabilities = {
							com.apple.iCloud = {
								enabled = 0;
							};
						};
					};
				};
			};
			buildConfigurationList = D5462A291BCA4886007673D5 /* Build configuration list for PBXProject "DenTV" */;
			compatibilityVersion = "Xcode 6.3";
			developmentRegion = English;
			hasScannedForEncodings = 0;
			knownRegions = (
				en,
				Base,
			);
			mainGroup = D5462A251BCA4886007673D5;
			productRefGroup = D5462A2F1BCA4886007673D5 /* Products */;
			projectDirPath = "";
			projectRoot = "";
			targets = (
				D5462A2D1BCA4886007673D5 /* DenTV */,
			);
		};
/* End PBXProject section */

/* Begin PBXResourcesBuildPhase section */
		D5462A2C1BCA4886007673D5 /* Resources */ = {
			isa = PBXResourcesBuildPhase;
			buildActionMask = 2147483647;
			files = (
				D5462A3E1BCA488B007673D5 /* LaunchScreen.storyboard in Resources */,
				D51F167E1BCCE6DC00038217 /* VideoCell.xib in Resources */,
				D5462A3B1BCA488A007673D5 /* Assets.xcassets in Resources */,
				D51F16821BCCF15D00038217 /* PlaylistCell.xib in Resources */,
				D5462A391BCA4887007673D5 /* Main.storyboard in Resources */,
			);
			runOnlyForDeploymentPostprocessing = 0;
		};
/* End PBXResourcesBuildPhase section */

/* Begin PBXShellScriptBuildPhase section */
		170FF10BD3917E4811A13C09 /* Copy Pods Resources */ = {
			isa = PBXShellScriptBuildPhase;
			buildActionMask = 2147483647;
			files = (
			);
			inputPaths = (
			);
			name = "Copy Pods Resources";
			outputPaths = (
			);
			runOnlyForDeploymentPostprocessing = 0;
			shellPath = /bin/sh;
			shellScript = "\"${SRCROOT}/Pods/Target Support Files/Pods/Pods-resources.sh\"\n";
			showEnvVarsInLog = 0;
		};
		AC464204A4FFBCF9DB32925A /* Check Pods Manifest.lock */ = {
			isa = PBXShellScriptBuildPhase;
			buildActionMask = 2147483647;
			files = (
			);
			inputPaths = (
			);
			name = "Check Pods Manifest.lock";
			outputPaths = (
			);
			runOnlyForDeploymentPostprocessing = 0;
			shellPath = /bin/sh;
			shellScript = "diff \"${PODS_ROOT}/../Podfile.lock\" \"${PODS_ROOT}/Manifest.lock\" > /dev/null\nif [[ $? != 0 ]] ; then\n    cat << EOM\nerror: The sandbox is not in sync with the Podfile.lock. Run 'pod install' or update your CocoaPods installation.\nEOM\n    exit 1\nfi\n";
			showEnvVarsInLog = 0;
		};
		B0E4BF959C683B1CF6A56BAE /* Embed Pods Frameworks */ = {
			isa = PBXShellScriptBuildPhase;
			buildActionMask = 2147483647;
			files = (
			);
			inputPaths = (
			);
			name = "Embed Pods Frameworks";
			outputPaths = (
			);
			runOnlyForDeploymentPostprocessing = 0;
			shellPath = /bin/sh;
			shellScript = "\"${SRCROOT}/Pods/Target Support Files/Pods/Pods-frameworks.sh\"\n";
			showEnvVarsInLog = 0;
		};
/* End PBXShellScriptBuildPhase section */

/* Begin PBXSourcesBuildPhase section */
		D5462A2A1BCA4886007673D5 /* Sources */ = {
			isa = PBXSourcesBuildPhase;
			buildActionMask = 2147483647;
			files = (
				D5EFC6D41BCAA1D700423BF4 /* FavouriteVideoListViewController.swift in Sources */,
				D5462A361BCA4887007673D5 /* PlaylistsViewController.swift in Sources */,
				D53C66D41BCAC40D0065C916 /* DenTV.xcdatamodeld in Sources */,
				D534F23E1BCB91EF00AA8201 /* Parser.swift in Sources */,
				D53C66DB1BCAC65F0065C916 /* Video.swift in Sources */,
				D53C66DC1BCAC65F0065C916 /* Playlist+CoreDataProperties.swift in Sources */,
				D51C5C081BCC236B007156DB /* VideoDetailsViewController.swift in Sources */,
				D5462A321BCA4887007673D5 /* AppDelegate.swift in Sources */,
				D51F16801BCCEBC400038217 /* VideoCell.swift in Sources */,
				D534F2411BCBBE8400AA8201 /* Log.swift in Sources */,
				D529006B1BCABC79001426F6 /* CoreDataStack.swift in Sources */,
				D534F2471BCBE9D000AA8201 /* Video+CoreDataProperties 18-14-08-048.swift in Sources */,
				D53C66DD1BCAC65F0065C916 /* Playlist.swift in Sources */,
				D51F16861BCCF50400038217 /* Staff.swift in Sources */,
				D504A1DE1BCC2DA5000145AD /* UIImageView+DownloadImage.swift in Sources */,
				D5462A341BCA4887007673D5 /* HomeViewController.swift in Sources */,
				D51F16881BCCF65600038217 /* Entity.swift in Sources */,
				D534F23A1BCB91CD00AA8201 /* Seed.swift in Sources */,
				D534F23C1BCB91E100AA8201 /* Content.swift in Sources */,
				D51F16841BCCF4D900038217 /* Constants.swift in Sources */,
			);
			runOnlyForDeploymentPostprocessing = 0;
		};
/* End PBXSourcesBuildPhase section */

/* Begin PBXVariantGroup section */
		D5462A371BCA4887007673D5 /* Main.storyboard */ = {
			isa = PBXVariantGroup;
			children = (
				D5462A381BCA4887007673D5 /* Base */,
			);
			name = Main.storyboard;
			sourceTree = "<group>";
		};
		D5462A3C1BCA488B007673D5 /* LaunchScreen.storyboard */ = {
			isa = PBXVariantGroup;
			children = (
				D5462A3D1BCA488B007673D5 /* Base */,
			);
			name = LaunchScreen.storyboard;
			sourceTree = "<group>";
		};
/* End PBXVariantGroup section */

/* Begin XCBuildConfiguration section */
		D5462A401BCA488B007673D5 /* Debug */ = {
			isa = XCBuildConfiguration;
			buildSettings = {
				ALWAYS_SEARCH_USER_PATHS = NO;
				CLANG_CXX_LANGUAGE_STANDARD = "gnu++0x";
				CLANG_CXX_LIBRARY = "libc++";
				CLANG_ENABLE_MODULES = YES;
				CLANG_ENABLE_OBJC_ARC = YES;
				CLANG_WARN_BOOL_CONVERSION = YES;
				CLANG_WARN_CONSTANT_CONVERSION = YES;
				CLANG_WARN_DIRECT_OBJC_ISA_USAGE = YES_ERROR;
				CLANG_WARN_EMPTY_BODY = YES;
				CLANG_WARN_ENUM_CONVERSION = YES;
				CLANG_WARN_INT_CONVERSION = YES;
				CLANG_WARN_OBJC_ROOT_CLASS = YES_ERROR;
				CLANG_WARN_UNREACHABLE_CODE = YES;
				CLANG_WARN__DUPLICATE_METHOD_MATCH = YES;
				"CODE_SIGN_IDENTITY[sdk=iphoneos*]" = "iPhone Developer";
				COPY_PHASE_STRIP = NO;
				DEBUG_INFORMATION_FORMAT = dwarf;
				ENABLE_STRICT_OBJC_MSGSEND = YES;
				ENABLE_TESTABILITY = YES;
				GCC_C_LANGUAGE_STANDARD = gnu99;
				GCC_DYNAMIC_NO_PIC = NO;
				GCC_NO_COMMON_BLOCKS = YES;
				GCC_OPTIMIZATION_LEVEL = 0;
				GCC_PREPROCESSOR_DEFINITIONS = (
					"DEBUG=1",
					"$(inherited)",
				);
				GCC_WARN_64_TO_32_BIT_CONVERSION = YES;
				GCC_WARN_ABOUT_RETURN_TYPE = YES_ERROR;
				GCC_WARN_UNDECLARED_SELECTOR = YES;
				GCC_WARN_UNINITIALIZED_AUTOS = YES_AGGRESSIVE;
				GCC_WARN_UNUSED_FUNCTION = YES;
				GCC_WARN_UNUSED_VARIABLE = YES;
				IPHONEOS_DEPLOYMENT_TARGET = 9.0;
				MTL_ENABLE_DEBUG_INFO = YES;
				ONLY_ACTIVE_ARCH = YES;
				SDKROOT = iphoneos;
				SWIFT_OPTIMIZATION_LEVEL = "-Onone";
				TARGETED_DEVICE_FAMILY = "1,2";
			};
			name = Debug;
		};
		D5462A411BCA488B007673D5 /* Release */ = {
			isa = XCBuildConfiguration;
			buildSettings = {
				ALWAYS_SEARCH_USER_PATHS = NO;
				CLANG_CXX_LANGUAGE_STANDARD = "gnu++0x";
				CLANG_CXX_LIBRARY = "libc++";
				CLANG_ENABLE_MODULES = YES;
				CLANG_ENABLE_OBJC_ARC = YES;
				CLANG_WARN_BOOL_CONVERSION = YES;
				CLANG_WARN_CONSTANT_CONVERSION = YES;
				CLANG_WARN_DIRECT_OBJC_ISA_USAGE = YES_ERROR;
				CLANG_WARN_EMPTY_BODY = YES;
				CLANG_WARN_ENUM_CONVERSION = YES;
				CLANG_WARN_INT_CONVERSION = YES;
				CLANG_WARN_OBJC_ROOT_CLASS = YES_ERROR;
				CLANG_WARN_UNREACHABLE_CODE = YES;
				CLANG_WARN__DUPLICATE_METHOD_MATCH = YES;
				"CODE_SIGN_IDENTITY[sdk=iphoneos*]" = "iPhone Developer";
				COPY_PHASE_STRIP = NO;
				DEBUG_INFORMATION_FORMAT = "dwarf-with-dsym";
				ENABLE_NS_ASSERTIONS = NO;
				ENABLE_STRICT_OBJC_MSGSEND = YES;
				GCC_C_LANGUAGE_STANDARD = gnu99;
				GCC_NO_COMMON_BLOCKS = YES;
				GCC_WARN_64_TO_32_BIT_CONVERSION = YES;
				GCC_WARN_ABOUT_RETURN_TYPE = YES_ERROR;
				GCC_WARN_UNDECLARED_SELECTOR = YES;
				GCC_WARN_UNINITIALIZED_AUTOS = YES_AGGRESSIVE;
				GCC_WARN_UNUSED_FUNCTION = YES;
				GCC_WARN_UNUSED_VARIABLE = YES;
				IPHONEOS_DEPLOYMENT_TARGET = 9.0;
				MTL_ENABLE_DEBUG_INFO = NO;
				SDKROOT = iphoneos;
				TARGETED_DEVICE_FAMILY = "1,2";
				VALIDATE_PRODUCT = YES;
			};
			name = Release;
		};
		D5462A431BCA488B007673D5 /* Debug */ = {
			isa = XCBuildConfiguration;
			baseConfigurationReference = 479803E71E2FE76BB6632109 /* Pods.debug.xcconfig */;
			buildSettings = {
				ASSETCATALOG_COMPILER_APPICON_NAME = AppIcon;
				CODE_SIGN_IDENTITY = "iPhone Developer";
				"CODE_SIGN_IDENTITY[sdk=iphoneos*]" = "iPhone Developer";
				INFOPLIST_FILE = DenTV/Info.plist;
				IPHONEOS_DEPLOYMENT_TARGET = 8.0;
				LD_RUNPATH_SEARCH_PATHS = "$(inherited) @executable_path/Frameworks";
				PRODUCT_BUNDLE_IDENTIFIER = ru.1appstudio.ios.DenTV;
				PRODUCT_NAME = "$(TARGET_NAME)";
				PROVISIONING_PROFILE = "";
			};
			name = Debug;
		};
		D5462A441BCA488B007673D5 /* Release */ = {
			isa = XCBuildConfiguration;
			baseConfigurationReference = 09D9CE04C08DE573C40BAF16 /* Pods.release.xcconfig */;
			buildSettings = {
				ASSETCATALOG_COMPILER_APPICON_NAME = AppIcon;
				CODE_SIGN_IDENTITY = "iPhone Developer";
				"CODE_SIGN_IDENTITY[sdk=iphoneos*]" = "iPhone Developer";
				INFOPLIST_FILE = DenTV/Info.plist;
				IPHONEOS_DEPLOYMENT_TARGET = 8.0;
				LD_RUNPATH_SEARCH_PATHS = "$(inherited) @executable_path/Frameworks";
				PRODUCT_BUNDLE_IDENTIFIER = ru.1appstudio.ios.DenTV;
				PRODUCT_NAME = "$(TARGET_NAME)";
				PROVISIONING_PROFILE = "";
			};
			name = Release;
		};
/* End XCBuildConfiguration section */

/* Begin XCConfigurationList section */
		D5462A291BCA4886007673D5 /* Build configuration list for PBXProject "DenTV" */ = {
			isa = XCConfigurationList;
			buildConfigurations = (
				D5462A401BCA488B007673D5 /* Debug */,
				D5462A411BCA488B007673D5 /* Release */,
			);
			defaultConfigurationIsVisible = 0;
			defaultConfigurationName = Release;
		};
		D5462A421BCA488B007673D5 /* Build configuration list for PBXNativeTarget "DenTV" */ = {
			isa = XCConfigurationList;
			buildConfigurations = (
				D5462A431BCA488B007673D5 /* Debug */,
				D5462A441BCA488B007673D5 /* Release */,
			);
			defaultConfigurationIsVisible = 0;
			defaultConfigurationName = Release;
		};
/* End XCConfigurationList section */

/* Begin XCVersionGroup section */
		D53C66D21BCAC40D0065C916 /* DenTV.xcdatamodeld */ = {
			isa = XCVersionGroup;
			children = (
				D53C66D31BCAC40D0065C916 /* DenTV.xcdatamodel */,
			);
			currentVersion = D53C66D31BCAC40D0065C916 /* DenTV.xcdatamodel */;
			path = DenTV.xcdatamodeld;
			sourceTree = "<group>";
			versionGroupType = wrapper.xcdatamodel;
		};
/* End XCVersionGroup section */
	};
	rootObject = D5462A261BCA4886007673D5 /* Project object */;
}
